// !$*UTF8*$!
{
	archiveVersion = 1;
	classes = {
	};
	objectVersion = 56;
	objects = {

/* Begin PBXBuildFile section */
		A503D5C22B3D87D000AB8E64 /* UserDefaultsHelper.swift in Sources */ = {isa = PBXBuildFile; fileRef = A503D5C12B3D87D000AB8E64 /* UserDefaultsHelper.swift */; };
		A503D5C42B3D89F100AB8E64 /* StartQuizViewPresenter.swift in Sources */ = {isa = PBXBuildFile; fileRef = A503D5C32B3D89F100AB8E64 /* StartQuizViewPresenter.swift */; };
		A503D5C62B3D89FB00AB8E64 /* StartQuizViewInteractor.swift in Sources */ = {isa = PBXBuildFile; fileRef = A503D5C52B3D89FB00AB8E64 /* StartQuizViewInteractor.swift */; };
		A503D5C82B3D8DDA00AB8E64 /* StartQuizGameViewModel.swift in Sources */ = {isa = PBXBuildFile; fileRef = A503D5C72B3D8DDA00AB8E64 /* StartQuizGameViewModel.swift */; };
		A503D5CB2B3D998800AB8E64 /* CoordinatorProtocol.swift in Sources */ = {isa = PBXBuildFile; fileRef = A503D5CA2B3D998800AB8E64 /* CoordinatorProtocol.swift */; };
		A503D5CD2B3D999000AB8E64 /* Coordinator.swift in Sources */ = {isa = PBXBuildFile; fileRef = A503D5CC2B3D999000AB8E64 /* Coordinator.swift */; };
		A503D5CF2B3D9AA300AB8E64 /* QuizGameRouter.swift in Sources */ = {isa = PBXBuildFile; fileRef = A503D5CE2B3D9AA300AB8E64 /* QuizGameRouter.swift */; };
		A5AEDB2E2B3DF9C4005E83D0 /* StartQuizUITests.swift in Sources */ = {isa = PBXBuildFile; fileRef = A5AEDB2D2B3DF9C4005E83D0 /* StartQuizUITests.swift */; };
		A5AEDB392B3DFB9A005E83D0 /* QuizGameUITests.swift in Sources */ = {isa = PBXBuildFile; fileRef = A5AEDB382B3DFB9A005E83D0 /* QuizGameUITests.swift */; };
		A5AEE89F2B3C774400959BCF /* AppDelegate.swift in Sources */ = {isa = PBXBuildFile; fileRef = A5AEE89E2B3C774400959BCF /* AppDelegate.swift */; };
		A5AEE8A12B3C774400959BCF /* SceneDelegate.swift in Sources */ = {isa = PBXBuildFile; fileRef = A5AEE8A02B3C774400959BCF /* SceneDelegate.swift */; };
		A5AEE8A82B3C774600959BCF /* Assets.xcassets in Resources */ = {isa = PBXBuildFile; fileRef = A5AEE8A72B3C774600959BCF /* Assets.xcassets */; };
		A5AEE8AB2B3C774600959BCF /* LaunchScreen.storyboard in Resources */ = {isa = PBXBuildFile; fileRef = A5AEE8A92B3C774600959BCF /* LaunchScreen.storyboard */; };
		A5AEE8D42B3C77FD00959BCF /* HttpClient.swift in Sources */ = {isa = PBXBuildFile; fileRef = A5AEE8D32B3C77FD00959BCF /* HttpClient.swift */; };
		A5AEE8D62B3C781300959BCF /* RequestMethod.swift in Sources */ = {isa = PBXBuildFile; fileRef = A5AEE8D52B3C781300959BCF /* RequestMethod.swift */; };
		A5AEE8D82B3C782300959BCF /* RequestError.swift in Sources */ = {isa = PBXBuildFile; fileRef = A5AEE8D72B3C782300959BCF /* RequestError.swift */; };
		A5AEE8DB2B3C784100959BCF /* Endpoint.swift in Sources */ = {isa = PBXBuildFile; fileRef = A5AEE8DA2B3C784100959BCF /* Endpoint.swift */; };
		A5AEE8DD2B3C784E00959BCF /* Header.swift in Sources */ = {isa = PBXBuildFile; fileRef = A5AEE8DC2B3C784E00959BCF /* Header.swift */; };
		A5AEE8DF2B3C786300959BCF /* Host.swift in Sources */ = {isa = PBXBuildFile; fileRef = A5AEE8DE2B3C786300959BCF /* Host.swift */; };
		A5AEE8E12B3C786F00959BCF /* Path.swift in Sources */ = {isa = PBXBuildFile; fileRef = A5AEE8E02B3C786F00959BCF /* Path.swift */; };
		A5AEE8E32B3C787B00959BCF /* Body.swift in Sources */ = {isa = PBXBuildFile; fileRef = A5AEE8E22B3C787B00959BCF /* Body.swift */; };
		A5AEE8E62B3C79A600959BCF /* QuizResponseModel.swift in Sources */ = {isa = PBXBuildFile; fileRef = A5AEE8E52B3C79A600959BCF /* QuizResponseModel.swift */; };
		A5AEE8EB2B3C7A2800959BCF /* QuizServiceable.swift in Sources */ = {isa = PBXBuildFile; fileRef = A5AEE8EA2B3C7A2800959BCF /* QuizServiceable.swift */; };
		A5AEE8ED2B3C7A7900959BCF /* QuizEndpoint.swift in Sources */ = {isa = PBXBuildFile; fileRef = A5AEE8EC2B3C7A7900959BCF /* QuizEndpoint.swift */; };
		A5AEE8F22B3C7B0B00959BCF /* StartQuizViewController.swift in Sources */ = {isa = PBXBuildFile; fileRef = A5AEE8F02B3C7B0B00959BCF /* StartQuizViewController.swift */; };
		A5AEE8F32B3C7B0B00959BCF /* StartQuizViewController.xib in Resources */ = {isa = PBXBuildFile; fileRef = A5AEE8F12B3C7B0B00959BCF /* StartQuizViewController.xib */; };
		A5AEE8F52B3C7FC600959BCF /* StartQuizViewBuilder.swift in Sources */ = {isa = PBXBuildFile; fileRef = A5AEE8F42B3C7FC600959BCF /* StartQuizViewBuilder.swift */; };
		A5AEE8FA2B3C81EA00959BCF /* QuizGameViewController.swift in Sources */ = {isa = PBXBuildFile; fileRef = A5AEE8F82B3C81EA00959BCF /* QuizGameViewController.swift */; };
		A5AEE8FB2B3C81EA00959BCF /* QuizGameViewController.xib in Resources */ = {isa = PBXBuildFile; fileRef = A5AEE8F92B3C81EA00959BCF /* QuizGameViewController.xib */; };
		A5AEE8FD2B3C81FA00959BCF /* QuizGamePresenter.swift in Sources */ = {isa = PBXBuildFile; fileRef = A5AEE8FC2B3C81FA00959BCF /* QuizGamePresenter.swift */; };
		A5AEE8FF2B3C820E00959BCF /* QuizGameInteractor.swift in Sources */ = {isa = PBXBuildFile; fileRef = A5AEE8FE2B3C820E00959BCF /* QuizGameInteractor.swift */; };
		A5AEE9012B3C821900959BCF /* QuizGameBuilder.swift in Sources */ = {isa = PBXBuildFile; fileRef = A5AEE9002B3C821900959BCF /* QuizGameBuilder.swift */; };
		A5AEE9032B3C822900959BCF /* QuizGameViewModel.swift in Sources */ = {isa = PBXBuildFile; fileRef = A5AEE9022B3C822900959BCF /* QuizGameViewModel.swift */; };
		A5AEE90B2B3C982D00959BCF /* UIViewController+Extension.swift in Sources */ = {isa = PBXBuildFile; fileRef = A5AEE90A2B3C982D00959BCF /* UIViewController+Extension.swift */; };
		A5AEE90D2B3C985400959BCF /* UIView+Extension.swift in Sources */ = {isa = PBXBuildFile; fileRef = A5AEE90C2B3C985400959BCF /* UIView+Extension.swift */; };
		A5AEE9102B3CA31A00959BCF /* Kingfisher in Frameworks */ = {isa = PBXBuildFile; productRef = A5AEE90F2B3CA31A00959BCF /* Kingfisher */; };
		A5AEE9122B3CB8F800959BCF /* StartQuizViewRouter.swift in Sources */ = {isa = PBXBuildFile; fileRef = A5AEE9112B3CB8F800959BCF /* StartQuizViewRouter.swift */; };
/* End PBXBuildFile section */

/* Begin PBXContainerItemProxy section */
		A5AEDB092B3DDFCA005E83D0 /* PBXContainerItemProxy */ = {
			isa = PBXContainerItemProxy;
			containerPortal = A5AEE8932B3C774400959BCF /* Project object */;
			proxyType = 1;
			remoteGlobalIDString = A5AEE89A2B3C774400959BCF;
			remoteInfo = QuizLeeee;
		};
		A5AEDB312B3DF9C4005E83D0 /* PBXContainerItemProxy */ = {
			isa = PBXContainerItemProxy;
			containerPortal = A5AEE8932B3C774400959BCF /* Project object */;
			proxyType = 1;
			remoteGlobalIDString = A5AEE89A2B3C774400959BCF;
			remoteInfo = QuizLeeee;
		};
/* End PBXContainerItemProxy section */

/* Begin PBXFileReference section */
		A503D5C12B3D87D000AB8E64 /* UserDefaultsHelper.swift */ = {isa = PBXFileReference; lastKnownFileType = sourcecode.swift; path = UserDefaultsHelper.swift; sourceTree = "<group>"; };
		A503D5C32B3D89F100AB8E64 /* StartQuizViewPresenter.swift */ = {isa = PBXFileReference; lastKnownFileType = sourcecode.swift; path = StartQuizViewPresenter.swift; sourceTree = "<group>"; };
		A503D5C52B3D89FB00AB8E64 /* StartQuizViewInteractor.swift */ = {isa = PBXFileReference; lastKnownFileType = sourcecode.swift; path = StartQuizViewInteractor.swift; sourceTree = "<group>"; };
		A503D5C72B3D8DDA00AB8E64 /* StartQuizGameViewModel.swift */ = {isa = PBXFileReference; lastKnownFileType = sourcecode.swift; path = StartQuizGameViewModel.swift; sourceTree = "<group>"; };
		A503D5CA2B3D998800AB8E64 /* CoordinatorProtocol.swift */ = {isa = PBXFileReference; lastKnownFileType = sourcecode.swift; path = CoordinatorProtocol.swift; sourceTree = "<group>"; };
		A503D5CC2B3D999000AB8E64 /* Coordinator.swift */ = {isa = PBXFileReference; lastKnownFileType = sourcecode.swift; path = Coordinator.swift; sourceTree = "<group>"; };
		A503D5CE2B3D9AA300AB8E64 /* QuizGameRouter.swift */ = {isa = PBXFileReference; lastKnownFileType = sourcecode.swift; path = QuizGameRouter.swift; sourceTree = "<group>"; };
		A5AEDB052B3DDFCA005E83D0 /* QuizLeeeeTests.xctest */ = {isa = PBXFileReference; explicitFileType = wrapper.cfbundle; includeInIndex = 0; path = QuizLeeeeTests.xctest; sourceTree = BUILT_PRODUCTS_DIR; };
		A5AEDB2B2B3DF9C4005E83D0 /* QuizLeeeeUITests.xctest */ = {isa = PBXFileReference; explicitFileType = wrapper.cfbundle; includeInIndex = 0; path = QuizLeeeeUITests.xctest; sourceTree = BUILT_PRODUCTS_DIR; };
		A5AEDB2D2B3DF9C4005E83D0 /* StartQuizUITests.swift */ = {isa = PBXFileReference; lastKnownFileType = sourcecode.swift; path = StartQuizUITests.swift; sourceTree = "<group>"; };
		A5AEDB382B3DFB9A005E83D0 /* QuizGameUITests.swift */ = {isa = PBXFileReference; lastKnownFileType = sourcecode.swift; path = QuizGameUITests.swift; sourceTree = "<group>"; };
		A5AEE89B2B3C774400959BCF /* QuizLeeee.app */ = {isa = PBXFileReference; explicitFileType = wrapper.application; includeInIndex = 0; path = QuizLeeee.app; sourceTree = BUILT_PRODUCTS_DIR; };
		A5AEE89E2B3C774400959BCF /* AppDelegate.swift */ = {isa = PBXFileReference; lastKnownFileType = sourcecode.swift; path = AppDelegate.swift; sourceTree = "<group>"; };
		A5AEE8A02B3C774400959BCF /* SceneDelegate.swift */ = {isa = PBXFileReference; lastKnownFileType = sourcecode.swift; path = SceneDelegate.swift; sourceTree = "<group>"; };
		A5AEE8A72B3C774600959BCF /* Assets.xcassets */ = {isa = PBXFileReference; lastKnownFileType = folder.assetcatalog; path = Assets.xcassets; sourceTree = "<group>"; };
		A5AEE8AA2B3C774600959BCF /* Base */ = {isa = PBXFileReference; lastKnownFileType = file.storyboard; name = Base; path = Base.lproj/LaunchScreen.storyboard; sourceTree = "<group>"; };
		A5AEE8AC2B3C774600959BCF /* Info.plist */ = {isa = PBXFileReference; lastKnownFileType = text.plist.xml; path = Info.plist; sourceTree = "<group>"; };
		A5AEE8D32B3C77FD00959BCF /* HttpClient.swift */ = {isa = PBXFileReference; lastKnownFileType = sourcecode.swift; path = HttpClient.swift; sourceTree = "<group>"; };
		A5AEE8D52B3C781300959BCF /* RequestMethod.swift */ = {isa = PBXFileReference; lastKnownFileType = sourcecode.swift; path = RequestMethod.swift; sourceTree = "<group>"; };
		A5AEE8D72B3C782300959BCF /* RequestError.swift */ = {isa = PBXFileReference; lastKnownFileType = sourcecode.swift; path = RequestError.swift; sourceTree = "<group>"; };
		A5AEE8DA2B3C784100959BCF /* Endpoint.swift */ = {isa = PBXFileReference; lastKnownFileType = sourcecode.swift; path = Endpoint.swift; sourceTree = "<group>"; };
		A5AEE8DC2B3C784E00959BCF /* Header.swift */ = {isa = PBXFileReference; lastKnownFileType = sourcecode.swift; path = Header.swift; sourceTree = "<group>"; };
		A5AEE8DE2B3C786300959BCF /* Host.swift */ = {isa = PBXFileReference; lastKnownFileType = sourcecode.swift; path = Host.swift; sourceTree = "<group>"; };
		A5AEE8E02B3C786F00959BCF /* Path.swift */ = {isa = PBXFileReference; lastKnownFileType = sourcecode.swift; path = Path.swift; sourceTree = "<group>"; };
		A5AEE8E22B3C787B00959BCF /* Body.swift */ = {isa = PBXFileReference; lastKnownFileType = sourcecode.swift; path = Body.swift; sourceTree = "<group>"; };
		A5AEE8E52B3C79A600959BCF /* QuizResponseModel.swift */ = {isa = PBXFileReference; lastKnownFileType = sourcecode.swift; path = QuizResponseModel.swift; sourceTree = "<group>"; };
		A5AEE8EA2B3C7A2800959BCF /* QuizServiceable.swift */ = {isa = PBXFileReference; lastKnownFileType = sourcecode.swift; path = QuizServiceable.swift; sourceTree = "<group>"; };
		A5AEE8EC2B3C7A7900959BCF /* QuizEndpoint.swift */ = {isa = PBXFileReference; lastKnownFileType = sourcecode.swift; path = QuizEndpoint.swift; sourceTree = "<group>"; };
		A5AEE8F02B3C7B0B00959BCF /* StartQuizViewController.swift */ = {isa = PBXFileReference; lastKnownFileType = sourcecode.swift; path = StartQuizViewController.swift; sourceTree = "<group>"; };
		A5AEE8F12B3C7B0B00959BCF /* StartQuizViewController.xib */ = {isa = PBXFileReference; lastKnownFileType = file.xib; path = StartQuizViewController.xib; sourceTree = "<group>"; };
		A5AEE8F42B3C7FC600959BCF /* StartQuizViewBuilder.swift */ = {isa = PBXFileReference; lastKnownFileType = sourcecode.swift; path = StartQuizViewBuilder.swift; sourceTree = "<group>"; };
		A5AEE8F82B3C81EA00959BCF /* QuizGameViewController.swift */ = {isa = PBXFileReference; lastKnownFileType = sourcecode.swift; path = QuizGameViewController.swift; sourceTree = "<group>"; };
		A5AEE8F92B3C81EA00959BCF /* QuizGameViewController.xib */ = {isa = PBXFileReference; lastKnownFileType = file.xib; path = QuizGameViewController.xib; sourceTree = "<group>"; };
		A5AEE8FC2B3C81FA00959BCF /* QuizGamePresenter.swift */ = {isa = PBXFileReference; lastKnownFileType = sourcecode.swift; path = QuizGamePresenter.swift; sourceTree = "<group>"; };
		A5AEE8FE2B3C820E00959BCF /* QuizGameInteractor.swift */ = {isa = PBXFileReference; lastKnownFileType = sourcecode.swift; path = QuizGameInteractor.swift; sourceTree = "<group>"; };
		A5AEE9002B3C821900959BCF /* QuizGameBuilder.swift */ = {isa = PBXFileReference; lastKnownFileType = sourcecode.swift; path = QuizGameBuilder.swift; sourceTree = "<group>"; };
		A5AEE9022B3C822900959BCF /* QuizGameViewModel.swift */ = {isa = PBXFileReference; lastKnownFileType = sourcecode.swift; path = QuizGameViewModel.swift; sourceTree = "<group>"; };
		A5AEE90A2B3C982D00959BCF /* UIViewController+Extension.swift */ = {isa = PBXFileReference; lastKnownFileType = sourcecode.swift; path = "UIViewController+Extension.swift"; sourceTree = "<group>"; };
		A5AEE90C2B3C985400959BCF /* UIView+Extension.swift */ = {isa = PBXFileReference; lastKnownFileType = sourcecode.swift; path = "UIView+Extension.swift"; sourceTree = "<group>"; };
		A5AEE9112B3CB8F800959BCF /* StartQuizViewRouter.swift */ = {isa = PBXFileReference; lastKnownFileType = sourcecode.swift; path = StartQuizViewRouter.swift; sourceTree = "<group>"; };
/* End PBXFileReference section */

/* Begin PBXFrameworksBuildPhase section */
		A5AEDB022B3DDFCA005E83D0 /* Frameworks */ = {
			isa = PBXFrameworksBuildPhase;
			buildActionMask = 2147483647;
			files = (
			);
			runOnlyForDeploymentPostprocessing = 0;
		};
		A5AEDB282B3DF9C4005E83D0 /* Frameworks */ = {
			isa = PBXFrameworksBuildPhase;
			buildActionMask = 2147483647;
			files = (
			);
			runOnlyForDeploymentPostprocessing = 0;
		};
		A5AEE8982B3C774400959BCF /* Frameworks */ = {
			isa = PBXFrameworksBuildPhase;
			buildActionMask = 2147483647;
			files = (
				A5AEE9102B3CA31A00959BCF /* Kingfisher in Frameworks */,
			);
			runOnlyForDeploymentPostprocessing = 0;
		};
/* End PBXFrameworksBuildPhase section */

/* Begin PBXGroup section */
		A503D5C02B3D87C300AB8E64 /* Helpers */ = {
			isa = PBXGroup;
			children = (
				A503D5C12B3D87D000AB8E64 /* UserDefaultsHelper.swift */,
			);
			path = Helpers;
			sourceTree = "<group>";
		};
		A503D5C92B3D997D00AB8E64 /* Coordinator */ = {
			isa = PBXGroup;
			children = (
				A503D5CA2B3D998800AB8E64 /* CoordinatorProtocol.swift */,
				A503D5CC2B3D999000AB8E64 /* Coordinator.swift */,
			);
			path = Coordinator;
			sourceTree = "<group>";
		};
		A5AEDB2C2B3DF9C4005E83D0 /* QuizLeeeeUITests */ = {
			isa = PBXGroup;
			children = (
				A5AEDB372B3DFB88005E83D0 /* QuizGame */,
				A5AEDB362B3DFB7D005E83D0 /* StartQuiz */,
			);
			path = QuizLeeeeUITests;
			sourceTree = "<group>";
		};
		A5AEDB362B3DFB7D005E83D0 /* StartQuiz */ = {
			isa = PBXGroup;
			children = (
				A5AEDB2D2B3DF9C4005E83D0 /* StartQuizUITests.swift */,
			);
			name = StartQuiz;
			sourceTree = "<group>";
		};
		A5AEDB372B3DFB88005E83D0 /* QuizGame */ = {
			isa = PBXGroup;
			children = (
				A5AEDB382B3DFB9A005E83D0 /* QuizGameUITests.swift */,
			);
			name = QuizGame;
			sourceTree = "<group>";
		};
		A5AEE8922B3C774400959BCF = {
			isa = PBXGroup;
			children = (
				A5AEE89D2B3C774400959BCF /* QuizLeeee */,
				A5AEDB2C2B3DF9C4005E83D0 /* QuizLeeeeUITests */,
				A5AEE89C2B3C774400959BCF /* Products */,
			);
			sourceTree = "<group>";
		};
		A5AEE89C2B3C774400959BCF /* Products */ = {
			isa = PBXGroup;
			children = (
				A5AEE89B2B3C774400959BCF /* QuizLeeee.app */,
				A5AEDB052B3DDFCA005E83D0 /* QuizLeeeeTests.xctest */,
				A5AEDB2B2B3DF9C4005E83D0 /* QuizLeeeeUITests.xctest */,
			);
			name = Products;
			sourceTree = "<group>";
		};
		A5AEE89D2B3C774400959BCF /* QuizLeeee */ = {
			isa = PBXGroup;
			children = (
				A5AEE8CE2B3C774E00959BCF /* Core */,
				A503D5C92B3D997D00AB8E64 /* Coordinator */,
				A5AEE9092B3C980400959BCF /* Extensions */,
				A503D5C02B3D87C300AB8E64 /* Helpers */,
				A5AEE8D02B3C77C500959BCF /* Network */,
				A5AEE8EE2B3C7AC300959BCF /* Screens */,
				A5AEE8CF2B3C775500959BCF /* Supporting Files */,
			);
			path = QuizLeeee;
			sourceTree = "<group>";
		};
		A5AEE8CE2B3C774E00959BCF /* Core */ = {
			isa = PBXGroup;
			children = (
				A5AEE89E2B3C774400959BCF /* AppDelegate.swift */,
				A5AEE8A02B3C774400959BCF /* SceneDelegate.swift */,
			);
			path = Core;
			sourceTree = "<group>";
		};
		A5AEE8CF2B3C775500959BCF /* Supporting Files */ = {
			isa = PBXGroup;
			children = (
				A5AEE8A72B3C774600959BCF /* Assets.xcassets */,
				A5AEE8A92B3C774600959BCF /* LaunchScreen.storyboard */,
				A5AEE8AC2B3C774600959BCF /* Info.plist */,
			);
			path = "Supporting Files";
			sourceTree = "<group>";
		};
		A5AEE8D02B3C77C500959BCF /* Network */ = {
			isa = PBXGroup;
			children = (
				A5AEE8D22B3C77DA00959BCF /* Base */,
				A5AEE8D12B3C77D000959BCF /* Models */,
				A5AEE8E72B3C7A0700959BCF /* Services */,
			);
			path = Network;
			sourceTree = "<group>";
		};
		A5AEE8D12B3C77D000959BCF /* Models */ = {
			isa = PBXGroup;
			children = (
				A5AEE8E42B3C799C00959BCF /* Response */,
			);
			path = Models;
			sourceTree = "<group>";
		};
		A5AEE8D22B3C77DA00959BCF /* Base */ = {
			isa = PBXGroup;
			children = (
				A5AEE8D92B3C783200959BCF /* Endpoint */,
				A5AEE8D32B3C77FD00959BCF /* HttpClient.swift */,
				A5AEE8D52B3C781300959BCF /* RequestMethod.swift */,
				A5AEE8D72B3C782300959BCF /* RequestError.swift */,
			);
			path = Base;
			sourceTree = "<group>";
		};
		A5AEE8D92B3C783200959BCF /* Endpoint */ = {
			isa = PBXGroup;
			children = (
				A5AEE8E22B3C787B00959BCF /* Body.swift */,
				A5AEE8DA2B3C784100959BCF /* Endpoint.swift */,
				A5AEE8DC2B3C784E00959BCF /* Header.swift */,
				A5AEE8DE2B3C786300959BCF /* Host.swift */,
				A5AEE8E02B3C786F00959BCF /* Path.swift */,
			);
			path = Endpoint;
			sourceTree = "<group>";
		};
		A5AEE8E42B3C799C00959BCF /* Response */ = {
			isa = PBXGroup;
			children = (
				A5AEE8E52B3C79A600959BCF /* QuizResponseModel.swift */,
			);
			path = Response;
			sourceTree = "<group>";
		};
		A5AEE8E72B3C7A0700959BCF /* Services */ = {
			isa = PBXGroup;
			children = (
				A5AEE8E92B3C7A1700959BCF /* ServiceEndpoints */,
				A5AEE8E82B3C7A0F00959BCF /* Serviceables */,
			);
			path = Services;
			sourceTree = "<group>";
		};
		A5AEE8E82B3C7A0F00959BCF /* Serviceables */ = {
			isa = PBXGroup;
			children = (
				A5AEE8EA2B3C7A2800959BCF /* QuizServiceable.swift */,
			);
			path = Serviceables;
			sourceTree = "<group>";
		};
		A5AEE8E92B3C7A1700959BCF /* ServiceEndpoints */ = {
			isa = PBXGroup;
			children = (
				A5AEE8EC2B3C7A7900959BCF /* QuizEndpoint.swift */,
			);
			path = ServiceEndpoints;
			sourceTree = "<group>";
		};
		A5AEE8EE2B3C7AC300959BCF /* Screens */ = {
			isa = PBXGroup;
			children = (
				A5AEE8EF2B3C7AD100959BCF /* StartQuizView */,
				A5AEE8F62B3C81C500959BCF /* QuizGameView */,
			);
			path = Screens;
			sourceTree = "<group>";
		};
		A5AEE8EF2B3C7AD100959BCF /* StartQuizView */ = {
			isa = PBXGroup;
			children = (
				A5AEE8F02B3C7B0B00959BCF /* StartQuizViewController.swift */,
				A5AEE8F12B3C7B0B00959BCF /* StartQuizViewController.xib */,
				A5AEE8F42B3C7FC600959BCF /* StartQuizViewBuilder.swift */,
				A5AEE9112B3CB8F800959BCF /* StartQuizViewRouter.swift */,
				A503D5C32B3D89F100AB8E64 /* StartQuizViewPresenter.swift */,
				A503D5C52B3D89FB00AB8E64 /* StartQuizViewInteractor.swift */,
				A503D5C72B3D8DDA00AB8E64 /* StartQuizGameViewModel.swift */,
			);
			path = StartQuizView;
			sourceTree = "<group>";
		};
		A5AEE8F62B3C81C500959BCF /* QuizGameView */ = {
			isa = PBXGroup;
			children = (
				A5AEE8F82B3C81EA00959BCF /* QuizGameViewController.swift */,
				A5AEE8F92B3C81EA00959BCF /* QuizGameViewController.xib */,
				A5AEE8FE2B3C820E00959BCF /* QuizGameInteractor.swift */,
				A5AEE8FC2B3C81FA00959BCF /* QuizGamePresenter.swift */,
				A5AEE9002B3C821900959BCF /* QuizGameBuilder.swift */,
				A5AEE9022B3C822900959BCF /* QuizGameViewModel.swift */,
				A503D5CE2B3D9AA300AB8E64 /* QuizGameRouter.swift */,
			);
			path = QuizGameView;
			sourceTree = "<group>";
		};
		A5AEE9092B3C980400959BCF /* Extensions */ = {
			isa = PBXGroup;
			children = (
				A5AEE90C2B3C985400959BCF /* UIView+Extension.swift */,
				A5AEE90A2B3C982D00959BCF /* UIViewController+Extension.swift */,
			);
			path = Extensions;
			sourceTree = "<group>";
		};
/* End PBXGroup section */

/* Begin PBXNativeTarget section */
		A5AEDB042B3DDFCA005E83D0 /* QuizLeeeeTests */ = {
			isa = PBXNativeTarget;
			buildConfigurationList = A5AEDB0B2B3DDFCA005E83D0 /* Build configuration list for PBXNativeTarget "QuizLeeeeTests" */;
			buildPhases = (
				A5AEDB012B3DDFCA005E83D0 /* Sources */,
				A5AEDB022B3DDFCA005E83D0 /* Frameworks */,
				A5AEDB032B3DDFCA005E83D0 /* Resources */,
			);
			buildRules = (
			);
			dependencies = (
				A5AEDB0A2B3DDFCA005E83D0 /* PBXTargetDependency */,
			);
			name = QuizLeeeeTests;
			productName = QuizLeeeeTests;
			productReference = A5AEDB052B3DDFCA005E83D0 /* QuizLeeeeTests.xctest */;
			productType = "com.apple.product-type.bundle.unit-test";
		};
		A5AEDB2A2B3DF9C4005E83D0 /* QuizLeeeeUITests */ = {
			isa = PBXNativeTarget;
			buildConfigurationList = A5AEDB332B3DF9C4005E83D0 /* Build configuration list for PBXNativeTarget "QuizLeeeeUITests" */;
			buildPhases = (
				A5AEDB272B3DF9C4005E83D0 /* Sources */,
				A5AEDB282B3DF9C4005E83D0 /* Frameworks */,
				A5AEDB292B3DF9C4005E83D0 /* Resources */,
			);
			buildRules = (
			);
			dependencies = (
				A5AEDB322B3DF9C4005E83D0 /* PBXTargetDependency */,
			);
			name = QuizLeeeeUITests;
			productName = QuizLeeeeUITests;
			productReference = A5AEDB2B2B3DF9C4005E83D0 /* QuizLeeeeUITests.xctest */;
			productType = "com.apple.product-type.bundle.ui-testing";
		};
		A5AEE89A2B3C774400959BCF /* QuizLeeee */ = {
			isa = PBXNativeTarget;
			buildConfigurationList = A5AEE8C52B3C774600959BCF /* Build configuration list for PBXNativeTarget "QuizLeeee" */;
			buildPhases = (
				A5AEE8972B3C774400959BCF /* Sources */,
				A5AEE8982B3C774400959BCF /* Frameworks */,
				A5AEE8992B3C774400959BCF /* Resources */,
			);
			buildRules = (
			);
			dependencies = (
			);
			name = QuizLeeee;
			packageProductDependencies = (
				A5AEE90F2B3CA31A00959BCF /* Kingfisher */,
			);
			productName = QuizLeeee;
			productReference = A5AEE89B2B3C774400959BCF /* QuizLeeee.app */;
			productType = "com.apple.product-type.application";
		};
/* End PBXNativeTarget section */

/* Begin PBXProject section */
		A5AEE8932B3C774400959BCF /* Project object */ = {
			isa = PBXProject;
			attributes = {
				BuildIndependentTargetsInParallel = 1;
				LastSwiftUpdateCheck = 1500;
				LastUpgradeCheck = 1500;
				TargetAttributes = {
					A5AEDB042B3DDFCA005E83D0 = {
						CreatedOnToolsVersion = 15.0.1;
						TestTargetID = A5AEE89A2B3C774400959BCF;
					};
					A5AEDB2A2B3DF9C4005E83D0 = {
						CreatedOnToolsVersion = 15.0.1;
						TestTargetID = A5AEE89A2B3C774400959BCF;
					};
					A5AEE89A2B3C774400959BCF = {
						CreatedOnToolsVersion = 15.0.1;
					};
				};
			};
			buildConfigurationList = A5AEE8962B3C774400959BCF /* Build configuration list for PBXProject "QuizLeeee" */;
			compatibilityVersion = "Xcode 14.0";
			developmentRegion = en;
			hasScannedForEncodings = 0;
			knownRegions = (
				en,
				Base,
			);
			mainGroup = A5AEE8922B3C774400959BCF;
			packageReferences = (
				A5AEE90E2B3CA31A00959BCF /* XCRemoteSwiftPackageReference "Kingfisher" */,
			);
			productRefGroup = A5AEE89C2B3C774400959BCF /* Products */;
			projectDirPath = "";
			projectRoot = "";
			targets = (
				A5AEE89A2B3C774400959BCF /* QuizLeeee */,
				A5AEDB042B3DDFCA005E83D0 /* QuizLeeeeTests */,
				A5AEDB2A2B3DF9C4005E83D0 /* QuizLeeeeUITests */,
			);
		};
/* End PBXProject section */

/* Begin PBXResourcesBuildPhase section */
		A5AEDB032B3DDFCA005E83D0 /* Resources */ = {
			isa = PBXResourcesBuildPhase;
			buildActionMask = 2147483647;
			files = (
			);
			runOnlyForDeploymentPostprocessing = 0;
		};
		A5AEDB292B3DF9C4005E83D0 /* Resources */ = {
			isa = PBXResourcesBuildPhase;
			buildActionMask = 2147483647;
			files = (
			);
			runOnlyForDeploymentPostprocessing = 0;
		};
		A5AEE8992B3C774400959BCF /* Resources */ = {
			isa = PBXResourcesBuildPhase;
			buildActionMask = 2147483647;
			files = (
				A5AEE8F32B3C7B0B00959BCF /* StartQuizViewController.xib in Resources */,
				A5AEE8FB2B3C81EA00959BCF /* QuizGameViewController.xib in Resources */,
				A5AEE8AB2B3C774600959BCF /* LaunchScreen.storyboard in Resources */,
				A5AEE8A82B3C774600959BCF /* Assets.xcassets in Resources */,
			);
			runOnlyForDeploymentPostprocessing = 0;
		};
/* End PBXResourcesBuildPhase section */

/* Begin PBXSourcesBuildPhase section */
		A5AEDB012B3DDFCA005E83D0 /* Sources */ = {
			isa = PBXSourcesBuildPhase;
			buildActionMask = 2147483647;
			files = (
			);
			runOnlyForDeploymentPostprocessing = 0;
		};
		A5AEDB272B3DF9C4005E83D0 /* Sources */ = {
			isa = PBXSourcesBuildPhase;
			buildActionMask = 2147483647;
			files = (
				A5AEDB392B3DFB9A005E83D0 /* QuizGameUITests.swift in Sources */,
				A5AEDB2E2B3DF9C4005E83D0 /* StartQuizUITests.swift in Sources */,
			);
			runOnlyForDeploymentPostprocessing = 0;
		};
		A5AEE8972B3C774400959BCF /* Sources */ = {
			isa = PBXSourcesBuildPhase;
			buildActionMask = 2147483647;
			files = (
				A5AEE8D62B3C781300959BCF /* RequestMethod.swift in Sources */,
				A5AEE8D82B3C782300959BCF /* RequestError.swift in Sources */,
				A5AEE8FD2B3C81FA00959BCF /* QuizGamePresenter.swift in Sources */,
				A503D5C82B3D8DDA00AB8E64 /* StartQuizGameViewModel.swift in Sources */,
				A5AEE9122B3CB8F800959BCF /* StartQuizViewRouter.swift in Sources */,
				A5AEE8EB2B3C7A2800959BCF /* QuizServiceable.swift in Sources */,
				A5AEE89F2B3C774400959BCF /* AppDelegate.swift in Sources */,
				A5AEE9032B3C822900959BCF /* QuizGameViewModel.swift in Sources */,
				A5AEE90B2B3C982D00959BCF /* UIViewController+Extension.swift in Sources */,
				A5AEE9012B3C821900959BCF /* QuizGameBuilder.swift in Sources */,
				A503D5C42B3D89F100AB8E64 /* StartQuizViewPresenter.swift in Sources */,
				A5AEE8F22B3C7B0B00959BCF /* StartQuizViewController.swift in Sources */,
				A5AEE8ED2B3C7A7900959BCF /* QuizEndpoint.swift in Sources */,
				A5AEE8DF2B3C786300959BCF /* Host.swift in Sources */,
				A503D5CB2B3D998800AB8E64 /* CoordinatorProtocol.swift in Sources */,
				A5AEE8DD2B3C784E00959BCF /* Header.swift in Sources */,
				A5AEE8D42B3C77FD00959BCF /* HttpClient.swift in Sources */,
				A5AEE8FA2B3C81EA00959BCF /* QuizGameViewController.swift in Sources */,
				A503D5CD2B3D999000AB8E64 /* Coordinator.swift in Sources */,
				A5AEE8F52B3C7FC600959BCF /* StartQuizViewBuilder.swift in Sources */,
				A5AEE8DB2B3C784100959BCF /* Endpoint.swift in Sources */,
				A5AEE8FF2B3C820E00959BCF /* QuizGameInteractor.swift in Sources */,
				A503D5C22B3D87D000AB8E64 /* UserDefaultsHelper.swift in Sources */,
				A5AEE90D2B3C985400959BCF /* UIView+Extension.swift in Sources */,
				A5AEE8E62B3C79A600959BCF /* QuizResponseModel.swift in Sources */,
				A5AEE8E12B3C786F00959BCF /* Path.swift in Sources */,
				A5AEE8A12B3C774400959BCF /* SceneDelegate.swift in Sources */,
				A5AEE8E32B3C787B00959BCF /* Body.swift in Sources */,
				A503D5C62B3D89FB00AB8E64 /* StartQuizViewInteractor.swift in Sources */,
				A503D5CF2B3D9AA300AB8E64 /* QuizGameRouter.swift in Sources */,
			);
			runOnlyForDeploymentPostprocessing = 0;
		};
/* End PBXSourcesBuildPhase section */

/* Begin PBXTargetDependency section */
		A5AEDB0A2B3DDFCA005E83D0 /* PBXTargetDependency */ = {
			isa = PBXTargetDependency;
			target = A5AEE89A2B3C774400959BCF /* QuizLeeee */;
			targetProxy = A5AEDB092B3DDFCA005E83D0 /* PBXContainerItemProxy */;
		};
		A5AEDB322B3DF9C4005E83D0 /* PBXTargetDependency */ = {
			isa = PBXTargetDependency;
			target = A5AEE89A2B3C774400959BCF /* QuizLeeee */;
			targetProxy = A5AEDB312B3DF9C4005E83D0 /* PBXContainerItemProxy */;
		};
/* End PBXTargetDependency section */

/* Begin PBXVariantGroup section */
		A5AEE8A92B3C774600959BCF /* LaunchScreen.storyboard */ = {
			isa = PBXVariantGroup;
			children = (
				A5AEE8AA2B3C774600959BCF /* Base */,
			);
			name = LaunchScreen.storyboard;
			sourceTree = "<group>";
		};
/* End PBXVariantGroup section */

/* Begin XCBuildConfiguration section */
		A5AEDB0C2B3DDFCA005E83D0 /* Debug */ = {
			isa = XCBuildConfiguration;
			buildSettings = {
				BUNDLE_LOADER = "$(TEST_HOST)";
				CODE_SIGN_STYLE = Automatic;
				CURRENT_PROJECT_VERSION = 1;
				GENERATE_INFOPLIST_FILE = YES;
				MARKETING_VERSION = 1.0;
				PRODUCT_BUNDLE_IDENTIFIER = brsrld.QuizLeeeeTests;
				PRODUCT_NAME = "$(TARGET_NAME)";
				SWIFT_EMIT_LOC_STRINGS = NO;
				SWIFT_VERSION = 5.0;
				TARGETED_DEVICE_FAMILY = "1,2";
				TEST_HOST = "$(BUILT_PRODUCTS_DIR)/QuizLeeee.app/$(BUNDLE_EXECUTABLE_FOLDER_PATH)/QuizLeeee";
			};
			name = Debug;
		};
		A5AEDB0D2B3DDFCA005E83D0 /* Release */ = {
			isa = XCBuildConfiguration;
			buildSettings = {
				BUNDLE_LOADER = "$(TEST_HOST)";
				CODE_SIGN_STYLE = Automatic;
				CURRENT_PROJECT_VERSION = 1;
				GENERATE_INFOPLIST_FILE = YES;
				MARKETING_VERSION = 1.0;
				PRODUCT_BUNDLE_IDENTIFIER = brsrld.QuizLeeeeTests;
				PRODUCT_NAME = "$(TARGET_NAME)";
				SWIFT_EMIT_LOC_STRINGS = NO;
				SWIFT_VERSION = 5.0;
				TARGETED_DEVICE_FAMILY = "1,2";
				TEST_HOST = "$(BUILT_PRODUCTS_DIR)/QuizLeeee.app/$(BUNDLE_EXECUTABLE_FOLDER_PATH)/QuizLeeee";
			};
			name = Release;
		};
		A5AEDB342B3DF9C4005E83D0 /* Debug */ = {
			isa = XCBuildConfiguration;
			buildSettings = {
				CODE_SIGN_STYLE = Automatic;
				CURRENT_PROJECT_VERSION = 1;
				GENERATE_INFOPLIST_FILE = YES;
				MARKETING_VERSION = 1.0;
				PRODUCT_BUNDLE_IDENTIFIER = brsrld.QuizLeeeeUITests;
				PRODUCT_NAME = "$(TARGET_NAME)";
				SWIFT_EMIT_LOC_STRINGS = NO;
				SWIFT_VERSION = 5.0;
				TARGETED_DEVICE_FAMILY = "1,2";
				TEST_TARGET_NAME = QuizLeeee;
			};
			name = Debug;
		};
		A5AEDB352B3DF9C4005E83D0 /* Release */ = {
			isa = XCBuildConfiguration;
			buildSettings = {
				CODE_SIGN_STYLE = Automatic;
				CURRENT_PROJECT_VERSION = 1;
				GENERATE_INFOPLIST_FILE = YES;
				MARKETING_VERSION = 1.0;
				PRODUCT_BUNDLE_IDENTIFIER = brsrld.QuizLeeeeUITests;
				PRODUCT_NAME = "$(TARGET_NAME)";
				SWIFT_EMIT_LOC_STRINGS = NO;
				SWIFT_VERSION = 5.0;
				TARGETED_DEVICE_FAMILY = "1,2";
				TEST_TARGET_NAME = QuizLeeee;
			};
			name = Release;
		};
		A5AEE8C32B3C774600959BCF /* Debug */ = {
			isa = XCBuildConfiguration;
			buildSettings = {
				ALWAYS_SEARCH_USER_PATHS = NO;
				ASSETCATALOG_COMPILER_GENERATE_SWIFT_ASSET_SYMBOL_EXTENSIONS = YES;
				CLANG_ANALYZER_NONNULL = YES;
				CLANG_ANALYZER_NUMBER_OBJECT_CONVERSION = YES_AGGRESSIVE;
				CLANG_CXX_LANGUAGE_STANDARD = "gnu++20";
				CLANG_ENABLE_MODULES = YES;
				CLANG_ENABLE_OBJC_ARC = YES;
				CLANG_ENABLE_OBJC_WEAK = YES;
				CLANG_WARN_BLOCK_CAPTURE_AUTORELEASING = YES;
				CLANG_WARN_BOOL_CONVERSION = YES;
				CLANG_WARN_COMMA = YES;
				CLANG_WARN_CONSTANT_CONVERSION = YES;
				CLANG_WARN_DEPRECATED_OBJC_IMPLEMENTATIONS = YES;
				CLANG_WARN_DIRECT_OBJC_ISA_USAGE = YES_ERROR;
				CLANG_WARN_DOCUMENTATION_COMMENTS = YES;
				CLANG_WARN_EMPTY_BODY = YES;
				CLANG_WARN_ENUM_CONVERSION = YES;
				CLANG_WARN_INFINITE_RECURSION = YES;
				CLANG_WARN_INT_CONVERSION = YES;
				CLANG_WARN_NON_LITERAL_NULL_CONVERSION = YES;
				CLANG_WARN_OBJC_IMPLICIT_RETAIN_SELF = YES;
				CLANG_WARN_OBJC_LITERAL_CONVERSION = YES;
				CLANG_WARN_OBJC_ROOT_CLASS = YES_ERROR;
				CLANG_WARN_QUOTED_INCLUDE_IN_FRAMEWORK_HEADER = YES;
				CLANG_WARN_RANGE_LOOP_ANALYSIS = YES;
				CLANG_WARN_STRICT_PROTOTYPES = YES;
				CLANG_WARN_SUSPICIOUS_MOVE = YES;
				CLANG_WARN_UNGUARDED_AVAILABILITY = YES_AGGRESSIVE;
				CLANG_WARN_UNREACHABLE_CODE = YES;
				CLANG_WARN__DUPLICATE_METHOD_MATCH = YES;
				COPY_PHASE_STRIP = NO;
				DEBUG_INFORMATION_FORMAT = dwarf;
				ENABLE_STRICT_OBJC_MSGSEND = YES;
				ENABLE_TESTABILITY = YES;
				ENABLE_USER_SCRIPT_SANDBOXING = YES;
				GCC_C_LANGUAGE_STANDARD = gnu17;
				GCC_DYNAMIC_NO_PIC = NO;
				GCC_NO_COMMON_BLOCKS = YES;
				GCC_OPTIMIZATION_LEVEL = 0;
				GCC_PREPROCESSOR_DEFINITIONS = (
					"DEBUG=1",
					"$(inherited)",
				);
				GCC_WARN_64_TO_32_BIT_CONVERSION = YES;
				GCC_WARN_ABOUT_RETURN_TYPE = YES_ERROR;
				GCC_WARN_UNDECLARED_SELECTOR = YES;
				GCC_WARN_UNINITIALIZED_AUTOS = YES_AGGRESSIVE;
				GCC_WARN_UNUSED_FUNCTION = YES;
				GCC_WARN_UNUSED_VARIABLE = YES;
				IPHONEOS_DEPLOYMENT_TARGET = 17.0;
				LOCALIZATION_PREFERS_STRING_CATALOGS = YES;
				MTL_ENABLE_DEBUG_INFO = INCLUDE_SOURCE;
				MTL_FAST_MATH = YES;
				ONLY_ACTIVE_ARCH = YES;
				SDKROOT = iphoneos;
				SWIFT_ACTIVE_COMPILATION_CONDITIONS = "DEBUG $(inherited)";
				SWIFT_OPTIMIZATION_LEVEL = "-Onone";
				SWIFT_VERSION = 5.0;
			};
			name = Debug;
		};
		A5AEE8C42B3C774600959BCF /* Release */ = {
			isa = XCBuildConfiguration;
			buildSettings = {
				ALWAYS_SEARCH_USER_PATHS = NO;
				ASSETCATALOG_COMPILER_GENERATE_SWIFT_ASSET_SYMBOL_EXTENSIONS = YES;
				CLANG_ANALYZER_NONNULL = YES;
				CLANG_ANALYZER_NUMBER_OBJECT_CONVERSION = YES_AGGRESSIVE;
				CLANG_CXX_LANGUAGE_STANDARD = "gnu++20";
				CLANG_ENABLE_MODULES = YES;
				CLANG_ENABLE_OBJC_ARC = YES;
				CLANG_ENABLE_OBJC_WEAK = YES;
				CLANG_WARN_BLOCK_CAPTURE_AUTORELEASING = YES;
				CLANG_WARN_BOOL_CONVERSION = YES;
				CLANG_WARN_COMMA = YES;
				CLANG_WARN_CONSTANT_CONVERSION = YES;
				CLANG_WARN_DEPRECATED_OBJC_IMPLEMENTATIONS = YES;
				CLANG_WARN_DIRECT_OBJC_ISA_USAGE = YES_ERROR;
				CLANG_WARN_DOCUMENTATION_COMMENTS = YES;
				CLANG_WARN_EMPTY_BODY = YES;
				CLANG_WARN_ENUM_CONVERSION = YES;
				CLANG_WARN_INFINITE_RECURSION = YES;
				CLANG_WARN_INT_CONVERSION = YES;
				CLANG_WARN_NON_LITERAL_NULL_CONVERSION = YES;
				CLANG_WARN_OBJC_IMPLICIT_RETAIN_SELF = YES;
				CLANG_WARN_OBJC_LITERAL_CONVERSION = YES;
				CLANG_WARN_OBJC_ROOT_CLASS = YES_ERROR;
				CLANG_WARN_QUOTED_INCLUDE_IN_FRAMEWORK_HEADER = YES;
				CLANG_WARN_RANGE_LOOP_ANALYSIS = YES;
				CLANG_WARN_STRICT_PROTOTYPES = YES;
				CLANG_WARN_SUSPICIOUS_MOVE = YES;
				CLANG_WARN_UNGUARDED_AVAILABILITY = YES_AGGRESSIVE;
				CLANG_WARN_UNREACHABLE_CODE = YES;
				CLANG_WARN__DUPLICATE_METHOD_MATCH = YES;
				COPY_PHASE_STRIP = NO;
				DEBUG_INFORMATION_FORMAT = "dwarf-with-dsym";
				ENABLE_NS_ASSERTIONS = NO;
				ENABLE_STRICT_OBJC_MSGSEND = YES;
				ENABLE_USER_SCRIPT_SANDBOXING = YES;
				GCC_C_LANGUAGE_STANDARD = gnu17;
				GCC_NO_COMMON_BLOCKS = YES;
				GCC_WARN_64_TO_32_BIT_CONVERSION = YES;
				GCC_WARN_ABOUT_RETURN_TYPE = YES_ERROR;
				GCC_WARN_UNDECLARED_SELECTOR = YES;
				GCC_WARN_UNINITIALIZED_AUTOS = YES_AGGRESSIVE;
				GCC_WARN_UNUSED_FUNCTION = YES;
				GCC_WARN_UNUSED_VARIABLE = YES;
				IPHONEOS_DEPLOYMENT_TARGET = 17.0;
				LOCALIZATION_PREFERS_STRING_CATALOGS = YES;
				MTL_ENABLE_DEBUG_INFO = NO;
				MTL_FAST_MATH = YES;
				SDKROOT = iphoneos;
				SWIFT_COMPILATION_MODE = wholemodule;
				SWIFT_VERSION = 5.0;
				VALIDATE_PRODUCT = YES;
			};
			name = Release;
		};
		A5AEE8C62B3C774600959BCF /* Debug */ = {
			isa = XCBuildConfiguration;
			buildSettings = {
				ASSETCATALOG_COMPILER_APPICON_NAME = AppIcon;
				ASSETCATALOG_COMPILER_GLOBAL_ACCENT_COLOR_NAME = AccentColor;
				CODE_SIGN_STYLE = Automatic;
				CURRENT_PROJECT_VERSION = 1;
				GENERATE_INFOPLIST_FILE = YES;
				INFOPLIST_FILE = QuizLeeee/Info.plist;
				INFOPLIST_KEY_UIApplicationSupportsIndirectInputEvents = YES;
				INFOPLIST_KEY_UILaunchStoryboardName = LaunchScreen;
				INFOPLIST_KEY_UIStatusBarHidden = NO;
				INFOPLIST_KEY_UIStatusBarStyle = "";
				INFOPLIST_KEY_UISupportedInterfaceOrientations = UIInterfaceOrientationPortrait;
				LD_RUNPATH_SEARCH_PATHS = (
					"$(inherited)",
					"@executable_path/Frameworks",
				);
				MARKETING_VERSION = 1.0;
				PRODUCT_BUNDLE_IDENTIFIER = brsrld.QuizLeeee;
				PRODUCT_NAME = "$(TARGET_NAME)";
				SUPPORTED_PLATFORMS = "iphoneos iphonesimulator";
				SUPPORTS_MACCATALYST = NO;
				SUPPORTS_MAC_DESIGNED_FOR_IPHONE_IPAD = NO;
				SWIFT_EMIT_LOC_STRINGS = YES;
				SWIFT_VERSION = 5.0;
				TARGETED_DEVICE_FAMILY = 1;
			};
			name = Debug;
		};
		A5AEE8C72B3C774600959BCF /* Release */ = {
			isa = XCBuildConfiguration;
			buildSettings = {
				ASSETCATALOG_COMPILER_APPICON_NAME = AppIcon;
				ASSETCATALOG_COMPILER_GLOBAL_ACCENT_COLOR_NAME = AccentColor;
				CODE_SIGN_STYLE = Automatic;
				CURRENT_PROJECT_VERSION = 1;
				GENERATE_INFOPLIST_FILE = YES;
				INFOPLIST_FILE = QuizLeeee/Info.plist;
				INFOPLIST_KEY_UIApplicationSupportsIndirectInputEvents = YES;
				INFOPLIST_KEY_UILaunchStoryboardName = LaunchScreen;
				INFOPLIST_KEY_UIStatusBarHidden = NO;
				INFOPLIST_KEY_UIStatusBarStyle = "";
				INFOPLIST_KEY_UISupportedInterfaceOrientations = UIInterfaceOrientationPortrait;
				LD_RUNPATH_SEARCH_PATHS = (
					"$(inherited)",
					"@executable_path/Frameworks",
				);
				MARKETING_VERSION = 1.0;
				PRODUCT_BUNDLE_IDENTIFIER = brsrld.QuizLeeee;
				PRODUCT_NAME = "$(TARGET_NAME)";
				SUPPORTED_PLATFORMS = "iphoneos iphonesimulator";
				SUPPORTS_MACCATALYST = NO;
				SUPPORTS_MAC_DESIGNED_FOR_IPHONE_IPAD = NO;
				SWIFT_EMIT_LOC_STRINGS = YES;
				SWIFT_VERSION = 5.0;
				TARGETED_DEVICE_FAMILY = 1;
			};
			name = Release;
		};
/* End XCBuildConfiguration section */

/* Begin XCConfigurationList section */
		A5AEDB0B2B3DDFCA005E83D0 /* Build configuration list for PBXNativeTarget "QuizLeeeeTests" */ = {
			isa = XCConfigurationList;
			buildConfigurations = (
				A5AEDB0C2B3DDFCA005E83D0 /* Debug */,
				A5AEDB0D2B3DDFCA005E83D0 /* Release */,
			);
			defaultConfigurationIsVisible = 0;
			defaultConfigurationName = Release;
		};
		A5AEDB332B3DF9C4005E83D0 /* Build configuration list for PBXNativeTarget "QuizLeeeeUITests" */ = {
			isa = XCConfigurationList;
			buildConfigurations = (
				A5AEDB342B3DF9C4005E83D0 /* Debug */,
				A5AEDB352B3DF9C4005E83D0 /* Release */,
			);
			defaultConfigurationIsVisible = 0;
			defaultConfigurationName = Release;
		};
		A5AEE8962B3C774400959BCF /* Build configuration list for PBXProject "QuizLeeee" */ = {
			isa = XCConfigurationList;
			buildConfigurations = (
				A5AEE8C32B3C774600959BCF /* Debug */,
				A5AEE8C42B3C774600959BCF /* Release */,
			);
			defaultConfigurationIsVisible = 0;
			defaultConfigurationName = Release;
		};
		A5AEE8C52B3C774600959BCF /* Build configuration list for PBXNativeTarget "QuizLeeee" */ = {
			isa = XCConfigurationList;
			buildConfigurations = (
				A5AEE8C62B3C774600959BCF /* Debug */,
				A5AEE8C72B3C774600959BCF /* Release */,
			);
			defaultConfigurationIsVisible = 0;
			defaultConfigurationName = Release;
		};
/* End XCConfigurationList section */

/* Begin XCRemoteSwiftPackageReference section */
		A5AEE90E2B3CA31A00959BCF /* XCRemoteSwiftPackageReference "Kingfisher" */ = {
			isa = XCRemoteSwiftPackageReference;
			repositoryURL = "https://github.com/onevcat/Kingfisher";
			requirement = {
				kind = upToNextMajorVersion;
				minimumVersion = 7.10.1;
			};
		};
/* End XCRemoteSwiftPackageReference section */

/* Begin XCSwiftPackageProductDependency section */
		A5AEE90F2B3CA31A00959BCF /* Kingfisher */ = {
			isa = XCSwiftPackageProductDependency;
			package = A5AEE90E2B3CA31A00959BCF /* XCRemoteSwiftPackageReference "Kingfisher" */;
			productName = Kingfisher;
		};
/* End XCSwiftPackageProductDependency section */
	};
	rootObject = A5AEE8932B3C774400959BCF /* Project object */;
}
